
Microsoft Visual Studio Solution File, Format Version 12.00
# Visual Studio Version 17
VisualStudioVersion = 17.2.32210.308
MinimumVisualStudioVersion = 10.0.40219.1
Project("{9A19103F-16F7-4668-BE54-9A1E7A4F7556}") = "EFCore3.Many2Many", "EFCore3.Many2Many\EFCore3.Many2Many.csproj", "{5EF484BE-29DB-4FB0-AD88-EBF94CD5B5AF}"
EndProject
Project("{9A19103F-16F7-4668-BE54-9A1E7A4F7556}") = "EFCore5.Many2Many", "EFCore5.Many2Many\EFCore5.Many2Many.csproj", "{658E6841-7484-4446-8E2F-61705D935941}"
EndProject
Global
	GlobalSection(SolutionConfigurationPlatforms) = preSolution
		Debug|Any CPU = Debug|Any CPU
		Release|Any CPU = Release|Any CPU
	EndGlobalSection
	GlobalSection(ProjectConfigurationPlatforms) = postSolution
		{5EF484BE-29DB-4FB0-AD88-EBF94CD5B5AF}.Debug|Any CPU.ActiveCfg = Debug|Any CPU
		{5EF484BE-29DB-4FB0-AD88-EBF94CD5B5AF}.Debug|Any CPU.Build.0 = Debug|Any CPU
		{5EF484BE-29DB-4FB0-AD88-EBF94CD5B5AF}.Release|Any CPU.ActiveCfg = Release|Any CPU
		{5EF484BE-29DB-4FB0-AD88-EBF94CD5B5AF}.Release|Any CPU.Build.0 = Release|Any CPU
		{658E6841-7484-4446-8E2F-61705D935941}.Debug|Any CPU.ActiveCfg = Debug|Any CPU
		{658E6841-7484-4446-8E2F-61705D935941}.Debug|Any CPU.Build.0 = Debug|Any CPU
		{658E6841-7484-4446-8E2F-61705D935941}.Release|Any CPU.ActiveCfg = Release|Any CPU
		{658E6841-7484-4446-8E2F-61705D935941}.Release|Any CPU.Build.0 = Release|Any CPU
	EndGlobalSection
	GlobalSection(SolutionProperties) = preSolution
		HideSolutionNode = FALSE
	EndGlobalSection
	GlobalSection(ExtensibilityGlobals) = postSolution
		SolutionGuid = {8A593765-4E41-4003-A6C3-E0A404B53110}
	EndGlobalSection
EndGlobal
